
Microsoft Visual Studio Solution File, Format Version 12.00
# Visual Studio 2012
Project("{FAE04EC0-301F-11D3-BF4B-00C04F79EFBC}") = "MadNavigation", "MadNavigation\MadNavigation.csproj", "{8C2963B9-096E-45B9-9DFD-A6D6E35636DB}"
EndProject
Project("{FAE04EC0-301F-11D3-BF4B-00C04F79EFBC}") = "MadNavigation.UITests", "MadNavigation.UITests\MadNavigation.UITests.csproj", "{99BC00F3-30E6-4F91-A945-6DEE08D3B37B}"
EndProject
Global
	GlobalSection(SolutionConfigurationPlatforms) = preSolution
		Debug|iPhoneSimulator = Debug|iPhoneSimulator
		Release|iPhone = Release|iPhone
		Release|iPhoneSimulator = Release|iPhoneSimulator
		Debug|iPhone = Debug|iPhone
		Debug|Any CPU = Debug|Any CPU
		Release|Any CPU = Release|Any CPU
	EndGlobalSection
	GlobalSection(ProjectConfigurationPlatforms) = postSolution
		{8C2963B9-096E-45B9-9DFD-A6D6E35636DB}.Debug|Any CPU.ActiveCfg = Debug|iPhoneSimulator
		{8C2963B9-096E-45B9-9DFD-A6D6E35636DB}.Debug|Any CPU.Build.0 = Debug|iPhoneSimulator
		{8C2963B9-096E-45B9-9DFD-A6D6E35636DB}.Debug|iPhone.ActiveCfg = Debug|iPhone
		{8C2963B9-096E-45B9-9DFD-A6D6E35636DB}.Debug|iPhone.Build.0 = Debug|iPhone
		{8C2963B9-096E-45B9-9DFD-A6D6E35636DB}.Debug|iPhoneSimulator.ActiveCfg = Debug|iPhoneSimulator
		{8C2963B9-096E-45B9-9DFD-A6D6E35636DB}.Debug|iPhoneSimulator.Build.0 = Debug|iPhoneSimulator
		{8C2963B9-096E-45B9-9DFD-A6D6E35636DB}.Release|Any CPU.ActiveCfg = Release|iPhone
		{8C2963B9-096E-45B9-9DFD-A6D6E35636DB}.Release|Any CPU.Build.0 = Release|iPhone
		{8C2963B9-096E-45B9-9DFD-A6D6E35636DB}.Release|iPhone.ActiveCfg = Release|iPhone
		{8C2963B9-096E-45B9-9DFD-A6D6E35636DB}.Release|iPhone.Build.0 = Release|iPhone
		{8C2963B9-096E-45B9-9DFD-A6D6E35636DB}.Release|iPhoneSimulator.ActiveCfg = Release|iPhoneSimulator
		{8C2963B9-096E-45B9-9DFD-A6D6E35636DB}.Release|iPhoneSimulator.Build.0 = Release|iPhoneSimulator
		{99BC00F3-30E6-4F91-A945-6DEE08D3B37B}.Debug|Any CPU.ActiveCfg = Debug|Any CPU
		{99BC00F3-30E6-4F91-A945-6DEE08D3B37B}.Debug|Any CPU.Build.0 = Debug|Any CPU
		{99BC00F3-30E6-4F91-A945-6DEE08D3B37B}.Debug|iPhone.ActiveCfg = Debug|Any CPU
		{99BC00F3-30E6-4F91-A945-6DEE08D3B37B}.Debug|iPhone.Build.0 = Debug|Any CPU
		{99BC00F3-30E6-4F91-A945-6DEE08D3B37B}.Debug|iPhoneSimulator.ActiveCfg = Debug|Any CPU
		{99BC00F3-30E6-4F91-A945-6DEE08D3B37B}.Debug|iPhoneSimulator.Build.0 = Debug|Any CPU
		{99BC00F3-30E6-4F91-A945-6DEE08D3B37B}.Release|Any CPU.ActiveCfg = Release|Any CPU
		{99BC00F3-30E6-4F91-A945-6DEE08D3B37B}.Release|Any CPU.Build.0 = Release|Any CPU
		{99BC00F3-30E6-4F91-A945-6DEE08D3B37B}.Release|iPhone.ActiveCfg = Release|Any CPU
		{99BC00F3-30E6-4F91-A945-6DEE08D3B37B}.Release|iPhone.Build.0 = Release|Any CPU
		{99BC00F3-30E6-4F91-A945-6DEE08D3B37B}.Release|iPhoneSimulator.ActiveCfg = Release|Any CPU
		{99BC00F3-30E6-4F91-A945-6DEE08D3B37B}.Release|iPhoneSimulator.Build.0 = Release|Any CPU
	EndGlobalSection
EndGlobal
